// !$*UTF8*$!
{
	archiveVersion = 1;
	classes = {
	};
	objectVersion = 50;
	objects = {

/* Begin PBXBuildFile section */
		1C8013B8272F530700A0B374 /* AppDelegate.swift in Sources */ = {isa = PBXBuildFile; fileRef = 1C8013B7272F530700A0B374 /* AppDelegate.swift */; };
		1C8013C1272F530800A0B374 /* Assets.xcassets in Resources */ = {isa = PBXBuildFile; fileRef = 1C8013C0272F530800A0B374 /* Assets.xcassets */; };
		1C8013C4272F530800A0B374 /* LaunchScreen.storyboard in Resources */ = {isa = PBXBuildFile; fileRef = 1C8013C2272F530800A0B374 /* LaunchScreen.storyboard */; };
		1C801426272F571300A0B374 /* Core.framework in Frameworks */ = {isa = PBXBuildFile; fileRef = 1C801425272F571300A0B374 /* Core.framework */; };
		1C80143F272F58F300A0B374 /* Data.framework in Frameworks */ = {isa = PBXBuildFile; fileRef = 1C80143E272F58F300A0B374 /* Data.framework */; };
		1C80147A272FE47C00A0B374 /* UIViewExtension.swift in Sources */ = {isa = PBXBuildFile; fileRef = 1C801479272FE47C00A0B374 /* UIViewExtension.swift */; };
		1C80147D272FE4DA00A0B374 /* UICollectionViewExtension.swift in Sources */ = {isa = PBXBuildFile; fileRef = 1C80147C272FE4DA00A0B374 /* UICollectionViewExtension.swift */; };
		1C801481272FE4FA00A0B374 /* BaseView.swift in Sources */ = {isa = PBXBuildFile; fileRef = 1C801480272FE4FA00A0B374 /* BaseView.swift */; };
		1C801485272FE53000A0B374 /* ReusableView.swift in Sources */ = {isa = PBXBuildFile; fileRef = 1C801484272FE53000A0B374 /* ReusableView.swift */; };
		1C801488272FE62000A0B374 /* UITableViewExtension.swift in Sources */ = {isa = PBXBuildFile; fileRef = 1C801487272FE62000A0B374 /* UITableViewExtension.swift */; };
		1C80148B272FE64200A0B374 /* UIImageViewExtension.swift in Sources */ = {isa = PBXBuildFile; fileRef = 1C80148A272FE64200A0B374 /* UIImageViewExtension.swift */; };
		1C801492272FE80700A0B374 /* ProductListViewController.swift in Sources */ = {isa = PBXBuildFile; fileRef = 1C801490272FE80700A0B374 /* ProductListViewController.swift */; };
		1C801497272FE82100A0B374 /* ProductListContracts.swift in Sources */ = {isa = PBXBuildFile; fileRef = 1C801496272FE82100A0B374 /* ProductListContracts.swift */; };
		1C80149A272FE82D00A0B374 /* ProductListViewModel.swift in Sources */ = {isa = PBXBuildFile; fileRef = 1C801499272FE82D00A0B374 /* ProductListViewModel.swift */; };
		1C8014A6272FF2BE00A0B374 /* ProductCell.swift in Sources */ = {isa = PBXBuildFile; fileRef = 1C8014A4272FF2BE00A0B374 /* ProductCell.swift */; };
		1C8014A7272FF2BE00A0B374 /* ProductCell.xib in Resources */ = {isa = PBXBuildFile; fileRef = 1C8014A5272FF2BE00A0B374 /* ProductCell.xib */; };
		1C8014AD2730499C00A0B374 /* ProductListViewController.xib in Resources */ = {isa = PBXBuildFile; fileRef = 1C8014AB2730499C00A0B374 /* ProductListViewController.xib */; };
		1C8014B227304CAD00A0B374 /* ProductItemModel.swift in Sources */ = {isa = PBXBuildFile; fileRef = 1C8014B127304CAD00A0B374 /* ProductItemModel.swift */; };
		1C8014B92730600E00A0B374 /* LoadingViewController.xib in Resources */ = {isa = PBXBuildFile; fileRef = 1C8014B72730600E00A0B374 /* LoadingViewController.xib */; };
		1C8014BA2730600E00A0B374 /* LoadingViewController.swift in Sources */ = {isa = PBXBuildFile; fileRef = 1C8014B82730600E00A0B374 /* LoadingViewController.swift */; };
		1C8014BD2730603900A0B374 /* LoadingManager.swift in Sources */ = {isa = PBXBuildFile; fileRef = 1C8014BC2730603900A0B374 /* LoadingManager.swift */; };
		1C8014C12730604C00A0B374 /* UIApplicationExtension.swift in Sources */ = {isa = PBXBuildFile; fileRef = 1C8014BF2730604C00A0B374 /* UIApplicationExtension.swift */; };
		1C8014C22730604C00A0B374 /* UIViewControllerExtension.swift in Sources */ = {isa = PBXBuildFile; fileRef = 1C8014C02730604C00A0B374 /* UIViewControllerExtension.swift */; };
		1C8014C52730612A00A0B374 /* CartManager.swift in Sources */ = {isa = PBXBuildFile; fileRef = 1C8014C42730612A00A0B374 /* CartManager.swift */; };
		1C8014CA273061C000A0B374 /* CartItemModel.swift in Sources */ = {isa = PBXBuildFile; fileRef = 1C8014C9273061C000A0B374 /* CartItemModel.swift */; };
		1CD87A102730678500DE3ED5 /* CartViewController.swift in Sources */ = {isa = PBXBuildFile; fileRef = 1CD87A0E2730678500DE3ED5 /* CartViewController.swift */; };
		1CD87A112730678500DE3ED5 /* CartViewController.xib in Resources */ = {isa = PBXBuildFile; fileRef = 1CD87A0F2730678500DE3ED5 /* CartViewController.xib */; };
		1CD87A15273068A600DE3ED5 /* CartContracts.swift in Sources */ = {isa = PBXBuildFile; fileRef = 1CD87A14273068A600DE3ED5 /* CartContracts.swift */; };
		1CD87A18273068B400DE3ED5 /* CartViewModel.swift in Sources */ = {isa = PBXBuildFile; fileRef = 1CD87A17273068B400DE3ED5 /* CartViewModel.swift */; };
		1CD87A1F27306FC800DE3ED5 /* CartCell.swift in Sources */ = {isa = PBXBuildFile; fileRef = 1CD87A1D27306FC800DE3ED5 /* CartCell.swift */; };
		1CD87A2027306FC800DE3ED5 /* CartCell.xib in Resources */ = {isa = PBXBuildFile; fileRef = 1CD87A1E27306FC800DE3ED5 /* CartCell.xib */; };
		1CD87A2F273085D500DE3ED5 /* RetailAppTests.swift in Sources */ = {isa = PBXBuildFile; fileRef = 1CD87A2E273085D500DE3ED5 /* RetailAppTests.swift */; };
		1CD87A3D273088B300DE3ED5 /* ProductListViewControllerTests.swift in Sources */ = {isa = PBXBuildFile; fileRef = 1CD87A3C273088B300DE3ED5 /* ProductListViewControllerTests.swift */; };
		1CD87A4527308A5100DE3ED5 /* ProductListViewModelTests.swift in Sources */ = {isa = PBXBuildFile; fileRef = 1CD87A4427308A5100DE3ED5 /* ProductListViewModelTests.swift */; };
/* End PBXBuildFile section */

/* Begin PBXContainerItemProxy section */
		1CD87A31273085D500DE3ED5 /* PBXContainerItemProxy */ = {
			isa = PBXContainerItemProxy;
			containerPortal = 1C8013AC272F530700A0B374 /* Project object */;
			proxyType = 1;
			remoteGlobalIDString = 1C8013B3272F530700A0B374;
			remoteInfo = RetailApp;
		};
/* End PBXContainerItemProxy section */

/* Begin PBXFileReference section */
		1C8013B4272F530700A0B374 /* RetailApp.app */ = {isa = PBXFileReference; explicitFileType = wrapper.application; includeInIndex = 0; path = RetailApp.app; sourceTree = BUILT_PRODUCTS_DIR; };
		1C8013B7272F530700A0B374 /* AppDelegate.swift */ = {isa = PBXFileReference; lastKnownFileType = sourcecode.swift; path = AppDelegate.swift; sourceTree = "<group>"; };
		1C8013C0272F530800A0B374 /* Assets.xcassets */ = {isa = PBXFileReference; lastKnownFileType = folder.assetcatalog; path = Assets.xcassets; sourceTree = "<group>"; };
		1C8013C3272F530800A0B374 /* Base */ = {isa = PBXFileReference; lastKnownFileType = file.storyboard; name = Base; path = Base.lproj/LaunchScreen.storyboard; sourceTree = "<group>"; };
		1C8013C5272F530800A0B374 /* Info.plist */ = {isa = PBXFileReference; lastKnownFileType = text.plist.xml; path = Info.plist; sourceTree = "<group>"; };
		1C801425272F571300A0B374 /* Core.framework */ = {isa = PBXFileReference; explicitFileType = wrapper.framework; path = Core.framework; sourceTree = BUILT_PRODUCTS_DIR; };
		1C80143E272F58F300A0B374 /* Data.framework */ = {isa = PBXFileReference; explicitFileType = wrapper.framework; path = Data.framework; sourceTree = BUILT_PRODUCTS_DIR; };
		1C801479272FE47C00A0B374 /* UIViewExtension.swift */ = {isa = PBXFileReference; lastKnownFileType = sourcecode.swift; path = UIViewExtension.swift; sourceTree = "<group>"; };
		1C80147C272FE4DA00A0B374 /* UICollectionViewExtension.swift */ = {isa = PBXFileReference; lastKnownFileType = sourcecode.swift; path = UICollectionViewExtension.swift; sourceTree = "<group>"; };
		1C801480272FE4FA00A0B374 /* BaseView.swift */ = {isa = PBXFileReference; lastKnownFileType = sourcecode.swift; path = BaseView.swift; sourceTree = "<group>"; };
		1C801484272FE53000A0B374 /* ReusableView.swift */ = {isa = PBXFileReference; lastKnownFileType = sourcecode.swift; path = ReusableView.swift; sourceTree = "<group>"; };
		1C801487272FE62000A0B374 /* UITableViewExtension.swift */ = {isa = PBXFileReference; lastKnownFileType = sourcecode.swift; path = UITableViewExtension.swift; sourceTree = "<group>"; };
		1C80148A272FE64200A0B374 /* UIImageViewExtension.swift */ = {isa = PBXFileReference; lastKnownFileType = sourcecode.swift; path = UIImageViewExtension.swift; sourceTree = "<group>"; };
		1C801490272FE80700A0B374 /* ProductListViewController.swift */ = {isa = PBXFileReference; lastKnownFileType = sourcecode.swift; path = ProductListViewController.swift; sourceTree = "<group>"; };
		1C801496272FE82100A0B374 /* ProductListContracts.swift */ = {isa = PBXFileReference; lastKnownFileType = sourcecode.swift; path = ProductListContracts.swift; sourceTree = "<group>"; };
		1C801499272FE82D00A0B374 /* ProductListViewModel.swift */ = {isa = PBXFileReference; lastKnownFileType = sourcecode.swift; path = ProductListViewModel.swift; sourceTree = "<group>"; };
		1C8014A4272FF2BE00A0B374 /* ProductCell.swift */ = {isa = PBXFileReference; lastKnownFileType = sourcecode.swift; path = ProductCell.swift; sourceTree = "<group>"; };
		1C8014A5272FF2BE00A0B374 /* ProductCell.xib */ = {isa = PBXFileReference; lastKnownFileType = file.xib; path = ProductCell.xib; sourceTree = "<group>"; };
		1C8014AB2730499C00A0B374 /* ProductListViewController.xib */ = {isa = PBXFileReference; lastKnownFileType = file.xib; path = ProductListViewController.xib; sourceTree = "<group>"; };
		1C8014B127304CAD00A0B374 /* ProductItemModel.swift */ = {isa = PBXFileReference; lastKnownFileType = sourcecode.swift; path = ProductItemModel.swift; sourceTree = "<group>"; };
		1C8014B72730600E00A0B374 /* LoadingViewController.xib */ = {isa = PBXFileReference; fileEncoding = 4; lastKnownFileType = file.xib; path = LoadingViewController.xib; sourceTree = "<group>"; };
		1C8014B82730600E00A0B374 /* LoadingViewController.swift */ = {isa = PBXFileReference; fileEncoding = 4; lastKnownFileType = sourcecode.swift; path = LoadingViewController.swift; sourceTree = "<group>"; };
		1C8014BC2730603900A0B374 /* LoadingManager.swift */ = {isa = PBXFileReference; fileEncoding = 4; lastKnownFileType = sourcecode.swift; path = LoadingManager.swift; sourceTree = "<group>"; };
		1C8014BF2730604C00A0B374 /* UIApplicationExtension.swift */ = {isa = PBXFileReference; fileEncoding = 4; lastKnownFileType = sourcecode.swift; path = UIApplicationExtension.swift; sourceTree = "<group>"; };
		1C8014C02730604C00A0B374 /* UIViewControllerExtension.swift */ = {isa = PBXFileReference; fileEncoding = 4; lastKnownFileType = sourcecode.swift; path = UIViewControllerExtension.swift; sourceTree = "<group>"; };
		1C8014C42730612A00A0B374 /* CartManager.swift */ = {isa = PBXFileReference; lastKnownFileType = sourcecode.swift; path = CartManager.swift; sourceTree = "<group>"; };
		1C8014C9273061C000A0B374 /* CartItemModel.swift */ = {isa = PBXFileReference; lastKnownFileType = sourcecode.swift; path = CartItemModel.swift; sourceTree = "<group>"; };
		1CD87A0E2730678500DE3ED5 /* CartViewController.swift */ = {isa = PBXFileReference; lastKnownFileType = sourcecode.swift; path = CartViewController.swift; sourceTree = "<group>"; };
		1CD87A0F2730678500DE3ED5 /* CartViewController.xib */ = {isa = PBXFileReference; lastKnownFileType = file.xib; path = CartViewController.xib; sourceTree = "<group>"; };
		1CD87A14273068A600DE3ED5 /* CartContracts.swift */ = {isa = PBXFileReference; lastKnownFileType = sourcecode.swift; path = CartContracts.swift; sourceTree = "<group>"; };
		1CD87A17273068B400DE3ED5 /* CartViewModel.swift */ = {isa = PBXFileReference; lastKnownFileType = sourcecode.swift; path = CartViewModel.swift; sourceTree = "<group>"; };
		1CD87A1D27306FC800DE3ED5 /* CartCell.swift */ = {isa = PBXFileReference; lastKnownFileType = sourcecode.swift; path = CartCell.swift; sourceTree = "<group>"; };
		1CD87A1E27306FC800DE3ED5 /* CartCell.xib */ = {isa = PBXFileReference; lastKnownFileType = file.xib; path = CartCell.xib; sourceTree = "<group>"; };
		1CD87A2C273085D500DE3ED5 /* RetailAppTests.xctest */ = {isa = PBXFileReference; explicitFileType = wrapper.cfbundle; includeInIndex = 0; path = RetailAppTests.xctest; sourceTree = BUILT_PRODUCTS_DIR; };
		1CD87A2E273085D500DE3ED5 /* RetailAppTests.swift */ = {isa = PBXFileReference; lastKnownFileType = sourcecode.swift; path = RetailAppTests.swift; sourceTree = "<group>"; };
		1CD87A30273085D500DE3ED5 /* Info.plist */ = {isa = PBXFileReference; lastKnownFileType = text.plist.xml; path = Info.plist; sourceTree = "<group>"; };
		1CD87A3C273088B300DE3ED5 /* ProductListViewControllerTests.swift */ = {isa = PBXFileReference; lastKnownFileType = sourcecode.swift; path = ProductListViewControllerTests.swift; sourceTree = "<group>"; };
		1CD87A4427308A5100DE3ED5 /* ProductListViewModelTests.swift */ = {isa = PBXFileReference; lastKnownFileType = sourcecode.swift; path = ProductListViewModelTests.swift; sourceTree = "<group>"; };
/* End PBXFileReference section */

/* Begin PBXFrameworksBuildPhase section */
		1C8013B1272F530700A0B374 /* Frameworks */ = {
			isa = PBXFrameworksBuildPhase;
			buildActionMask = 2147483647;
			files = (
				1C80143F272F58F300A0B374 /* Data.framework in Frameworks */,
				1C801426272F571300A0B374 /* Core.framework in Frameworks */,
			);
			runOnlyForDeploymentPostprocessing = 0;
		};
		1CD87A29273085D500DE3ED5 /* Frameworks */ = {
			isa = PBXFrameworksBuildPhase;
			buildActionMask = 2147483647;
			files = (
			);
			runOnlyForDeploymentPostprocessing = 0;
		};
/* End PBXFrameworksBuildPhase section */

/* Begin PBXGroup section */
		1C8013AB272F530700A0B374 = {
			isa = PBXGroup;
			children = (
				1C8013B6272F530700A0B374 /* RetailApp */,
				1CD87A2D273085D500DE3ED5 /* RetailAppTests */,
				1C8013B5272F530700A0B374 /* Products */,
				1C801424272F571300A0B374 /* Frameworks */,
			);
			sourceTree = "<group>";
		};
		1C8013B5272F530700A0B374 /* Products */ = {
			isa = PBXGroup;
			children = (
				1C8013B4272F530700A0B374 /* RetailApp.app */,
				1CD87A2C273085D500DE3ED5 /* RetailAppTests.xctest */,
			);
			name = Products;
			sourceTree = "<group>";
		};
		1C8013B6272F530700A0B374 /* RetailApp */ = {
			isa = PBXGroup;
			children = (
				1C8013B7272F530700A0B374 /* AppDelegate.swift */,
				1C8013D1272F538300A0B374 /* Extensions */,
				1C8014B427305FC900A0B374 /* Managers */,
				1C8013D2272F538F00A0B374 /* Resources */,
				1C8013CF272F535400A0B374 /* Scenes */,
				1C8013CE272F533D00A0B374 /* Storyboards */,
				1C8013D0272F535D00A0B374 /* Views */,
			);
			path = RetailApp;
			sourceTree = "<group>";
		};
		1C8013CE272F533D00A0B374 /* Storyboards */ = {
			isa = PBXGroup;
			children = (
				1C8013C2272F530800A0B374 /* LaunchScreen.storyboard */,
			);
			path = Storyboards;
			sourceTree = "<group>";
		};
		1C8013CF272F535400A0B374 /* Scenes */ = {
			isa = PBXGroup;
			children = (
				1CD87A0B2730676200DE3ED5 /* Cart */,
				1C80148D272FE7C600A0B374 /* ProductList */,
			);
			path = Scenes;
			sourceTree = "<group>";
		};
		1C8013D0272F535D00A0B374 /* Views */ = {
			isa = PBXGroup;
			children = (
				1C8014B527305FE200A0B374 /* Controllers */,
				1C80149D272FF28800A0B374 /* Cells */,
				1C80147F272FE4F200A0B374 /* Base */,
			);
			path = Views;
			sourceTree = "<group>";
		};
		1C8013D1272F538300A0B374 /* Extensions */ = {
			isa = PBXGroup;
			children = (
				1C8014BF2730604C00A0B374 /* UIApplicationExtension.swift */,
				1C8014C02730604C00A0B374 /* UIViewControllerExtension.swift */,
				1C801479272FE47C00A0B374 /* UIViewExtension.swift */,
				1C80147C272FE4DA00A0B374 /* UICollectionViewExtension.swift */,
				1C801487272FE62000A0B374 /* UITableViewExtension.swift */,
				1C80148A272FE64200A0B374 /* UIImageViewExtension.swift */,
			);
			path = Extensions;
			sourceTree = "<group>";
		};
		1C8013D2272F538F00A0B374 /* Resources */ = {
			isa = PBXGroup;
			children = (
				1C8013C0272F530800A0B374 /* Assets.xcassets */,
				1C8013C5272F530800A0B374 /* Info.plist */,
			);
			path = Resources;
			sourceTree = "<group>";
		};
		1C801424272F571300A0B374 /* Frameworks */ = {
			isa = PBXGroup;
			children = (
				1C80143E272F58F300A0B374 /* Data.framework */,
				1C801425272F571300A0B374 /* Core.framework */,
			);
			name = Frameworks;
			sourceTree = "<group>";
		};
		1C80147F272FE4F200A0B374 /* Base */ = {
			isa = PBXGroup;
			children = (
				1C801480272FE4FA00A0B374 /* BaseView.swift */,
				1C801484272FE53000A0B374 /* ReusableView.swift */,
			);
			path = Base;
			sourceTree = "<group>";
		};
		1C80148D272FE7C600A0B374 /* ProductList */ = {
			isa = PBXGroup;
			children = (
				1C80148F272FE7DD00A0B374 /* View */,
				1C80148E272FE7D700A0B374 /* ViewModel */,
			);
			path = ProductList;
			sourceTree = "<group>";
		};
		1C80148E272FE7D700A0B374 /* ViewModel */ = {
			isa = PBXGroup;
			children = (
				1C801496272FE82100A0B374 /* ProductListContracts.swift */,
				1C801499272FE82D00A0B374 /* ProductListViewModel.swift */,
			);
			path = ViewModel;
			sourceTree = "<group>";
		};
		1C80148F272FE7DD00A0B374 /* View */ = {
			isa = PBXGroup;
			children = (
				1C801490272FE80700A0B374 /* ProductListViewController.swift */,
				1C8014AB2730499C00A0B374 /* ProductListViewController.xib */,
			);
			path = View;
			sourceTree = "<group>";
		};
		1C80149D272FF28800A0B374 /* Cells */ = {
			isa = PBXGroup;
			children = (
				1CD87A1B27306FA300DE3ED5 /* Table */,
				1C80149E272FF29200A0B374 /* Collection */,
			);
			path = Cells;
			sourceTree = "<group>";
		};
		1C80149E272FF29200A0B374 /* Collection */ = {
			isa = PBXGroup;
			children = (
				1CD87A1A27306F9400DE3ED5 /* ProductCell */,
			);
			path = Collection;
			sourceTree = "<group>";
		};
		1C8014B427305FC900A0B374 /* Managers */ = {
			isa = PBXGroup;
			children = (
				1C8014C8273061B500A0B374 /* Cart */,
				1C8014BC2730603900A0B374 /* LoadingManager.swift */,
			);
			path = Managers;
			sourceTree = "<group>";
		};
		1C8014B527305FE200A0B374 /* Controllers */ = {
			isa = PBXGroup;
			children = (
				1C8014B627305FED00A0B374 /* Loading */,
			);
			path = Controllers;
			sourceTree = "<group>";
		};
		1C8014B627305FED00A0B374 /* Loading */ = {
			isa = PBXGroup;
			children = (
				1C8014B82730600E00A0B374 /* LoadingViewController.swift */,
				1C8014B72730600E00A0B374 /* LoadingViewController.xib */,
			);
			path = Loading;
			sourceTree = "<group>";
		};
		1C8014C8273061B500A0B374 /* Cart */ = {
			isa = PBXGroup;
			children = (
				1C8014C42730612A00A0B374 /* CartManager.swift */,
				1C8014C9273061C000A0B374 /* CartItemModel.swift */,
			);
			path = Cart;
			sourceTree = "<group>";
		};
		1CD87A0B2730676200DE3ED5 /* Cart */ = {
			isa = PBXGroup;
			children = (
				1CD87A0D2730677000DE3ED5 /* ViewModel */,
				1CD87A0C2730676B00DE3ED5 /* View */,
			);
			path = Cart;
			sourceTree = "<group>";
		};
		1CD87A0C2730676B00DE3ED5 /* View */ = {
			isa = PBXGroup;
			children = (
				1CD87A0E2730678500DE3ED5 /* CartViewController.swift */,
				1CD87A0F2730678500DE3ED5 /* CartViewController.xib */,
			);
			path = View;
			sourceTree = "<group>";
		};
		1CD87A0D2730677000DE3ED5 /* ViewModel */ = {
			isa = PBXGroup;
			children = (
				1CD87A14273068A600DE3ED5 /* CartContracts.swift */,
				1CD87A17273068B400DE3ED5 /* CartViewModel.swift */,
			);
			path = ViewModel;
			sourceTree = "<group>";
		};
		1CD87A1A27306F9400DE3ED5 /* ProductCell */ = {
			isa = PBXGroup;
			children = (
				1C8014A4272FF2BE00A0B374 /* ProductCell.swift */,
				1C8014A5272FF2BE00A0B374 /* ProductCell.xib */,
				1C8014B127304CAD00A0B374 /* ProductItemModel.swift */,
			);
			path = ProductCell;
			sourceTree = "<group>";
		};
		1CD87A1B27306FA300DE3ED5 /* Table */ = {
			isa = PBXGroup;
			children = (
				1CD87A1C27306FAB00DE3ED5 /* CartCell */,
			);
			path = Table;
			sourceTree = "<group>";
		};
		1CD87A1C27306FAB00DE3ED5 /* CartCell */ = {
			isa = PBXGroup;
			children = (
				1CD87A1D27306FC800DE3ED5 /* CartCell.swift */,
				1CD87A1E27306FC800DE3ED5 /* CartCell.xib */,
			);
			path = CartCell;
			sourceTree = "<group>";
		};
		1CD87A2D273085D500DE3ED5 /* RetailAppTests */ = {
			isa = PBXGroup;
			children = (
				1CD87A382730884000DE3ED5 /* Scenes */,
				1CD87A2E273085D500DE3ED5 /* RetailAppTests.swift */,
				1CD87A30273085D500DE3ED5 /* Info.plist */,
			);
			path = RetailAppTests;
			sourceTree = "<group>";
		};
		1CD87A382730884000DE3ED5 /* Scenes */ = {
			isa = PBXGroup;
			children = (
				1CD87A392730885200DE3ED5 /* ProductList */,
			);
			path = Scenes;
			sourceTree = "<group>";
		};
		1CD87A392730885200DE3ED5 /* ProductList */ = {
			isa = PBXGroup;
			children = (
				1CD87A3B2730886000DE3ED5 /* ViewModel */,
				1CD87A3A2730885C00DE3ED5 /* View */,
			);
			path = ProductList;
			sourceTree = "<group>";
		};
		1CD87A3A2730885C00DE3ED5 /* View */ = {
			isa = PBXGroup;
			children = (
				1CD87A3C273088B300DE3ED5 /* ProductListViewControllerTests.swift */,
			);
			path = View;
			sourceTree = "<group>";
		};
		1CD87A3B2730886000DE3ED5 /* ViewModel */ = {
			isa = PBXGroup;
			children = (
				1CD87A4427308A5100DE3ED5 /* ProductListViewModelTests.swift */,
			);
			path = ViewModel;
			sourceTree = "<group>";
		};
/* End PBXGroup section */

/* Begin PBXNativeTarget section */
		1C8013B3272F530700A0B374 /* RetailApp */ = {
			isa = PBXNativeTarget;
			buildConfigurationList = 1C8013C8272F530800A0B374 /* Build configuration list for PBXNativeTarget "RetailApp" */;
			buildPhases = (
				1C8013B0272F530700A0B374 /* Sources */,
				1C8013B1272F530700A0B374 /* Frameworks */,
				1C8013B2272F530700A0B374 /* Resources */,
			);
			buildRules = (
			);
			dependencies = (
			);
			name = RetailApp;
			productName = RetailApp;
			productReference = 1C8013B4272F530700A0B374 /* RetailApp.app */;
			productType = "com.apple.product-type.application";
		};
		1CD87A2B273085D500DE3ED5 /* RetailAppTests */ = {
			isa = PBXNativeTarget;
			buildConfigurationList = 1CD87A33273085D500DE3ED5 /* Build configuration list for PBXNativeTarget "RetailAppTests" */;
			buildPhases = (
				1CD87A28273085D500DE3ED5 /* Sources */,
				1CD87A29273085D500DE3ED5 /* Frameworks */,
				1CD87A2A273085D500DE3ED5 /* Resources */,
			);
			buildRules = (
			);
			dependencies = (
				1CD87A32273085D500DE3ED5 /* PBXTargetDependency */,
			);
			name = RetailAppTests;
			productName = RetailAppTests;
			productReference = 1CD87A2C273085D500DE3ED5 /* RetailAppTests.xctest */;
			productType = "com.apple.product-type.bundle.unit-test";
		};
/* End PBXNativeTarget section */

/* Begin PBXProject section */
		1C8013AC272F530700A0B374 /* Project object */ = {
			isa = PBXProject;
			attributes = {
				LastSwiftUpdateCheck = 1240;
				LastUpgradeCheck = 1240;
				TargetAttributes = {
					1C8013B3272F530700A0B374 = {
						CreatedOnToolsVersion = 12.4;
					};
					1CD87A2B273085D500DE3ED5 = {
						CreatedOnToolsVersion = 12.4;
						TestTargetID = 1C8013B3272F530700A0B374;
					};
				};
			};
			buildConfigurationList = 1C8013AF272F530700A0B374 /* Build configuration list for PBXProject "RetailApp" */;
			compatibilityVersion = "Xcode 9.3";
			developmentRegion = en;
			hasScannedForEncodings = 0;
			knownRegions = (
				en,
				Base,
			);
			mainGroup = 1C8013AB272F530700A0B374;
			productRefGroup = 1C8013B5272F530700A0B374 /* Products */;
			projectDirPath = "";
			projectRoot = "";
			targets = (
				1C8013B3272F530700A0B374 /* RetailApp */,
				1CD87A2B273085D500DE3ED5 /* RetailAppTests */,
			);
		};
/* End PBXProject section */

/* Begin PBXResourcesBuildPhase section */
		1C8013B2272F530700A0B374 /* Resources */ = {
			isa = PBXResourcesBuildPhase;
			buildActionMask = 2147483647;
			files = (
				1C8013C4272F530800A0B374 /* LaunchScreen.storyboard in Resources */,
				1CD87A2027306FC800DE3ED5 /* CartCell.xib in Resources */,
				1C8014A7272FF2BE00A0B374 /* ProductCell.xib in Resources */,
				1C8014AD2730499C00A0B374 /* ProductListViewController.xib in Resources */,
				1C8014B92730600E00A0B374 /* LoadingViewController.xib in Resources */,
				1CD87A112730678500DE3ED5 /* CartViewController.xib in Resources */,
				1C8013C1272F530800A0B374 /* Assets.xcassets in Resources */,
			);
			runOnlyForDeploymentPostprocessing = 0;
		};
		1CD87A2A273085D500DE3ED5 /* Resources */ = {
			isa = PBXResourcesBuildPhase;
			buildActionMask = 2147483647;
			files = (
			);
			runOnlyForDeploymentPostprocessing = 0;
		};
/* End PBXResourcesBuildPhase section */

/* Begin PBXSourcesBuildPhase section */
		1C8013B0272F530700A0B374 /* Sources */ = {
			isa = PBXSourcesBuildPhase;
			buildActionMask = 2147483647;
			files = (
				1C8014C52730612A00A0B374 /* CartManager.swift in Sources */,
				1C80147A272FE47C00A0B374 /* UIViewExtension.swift in Sources */,
				1C8014A6272FF2BE00A0B374 /* ProductCell.swift in Sources */,
				1C8014BD2730603900A0B374 /* LoadingManager.swift in Sources */,
				1C80148B272FE64200A0B374 /* UIImageViewExtension.swift in Sources */,
				1C8014C22730604C00A0B374 /* UIViewControllerExtension.swift in Sources */,
				1C801485272FE53000A0B374 /* ReusableView.swift in Sources */,
				1C80147D272FE4DA00A0B374 /* UICollectionViewExtension.swift in Sources */,
				1C801488272FE62000A0B374 /* UITableViewExtension.swift in Sources */,
				1CD87A18273068B400DE3ED5 /* CartViewModel.swift in Sources */,
				1CD87A102730678500DE3ED5 /* CartViewController.swift in Sources */,
				1C8014B227304CAD00A0B374 /* ProductItemModel.swift in Sources */,
				1C8013B8272F530700A0B374 /* AppDelegate.swift in Sources */,
				1C80149A272FE82D00A0B374 /* ProductListViewModel.swift in Sources */,
				1CD87A15273068A600DE3ED5 /* CartContracts.swift in Sources */,
				1CD87A1F27306FC800DE3ED5 /* CartCell.swift in Sources */,
				1C801497272FE82100A0B374 /* ProductListContracts.swift in Sources */,
				1C801492272FE80700A0B374 /* ProductListViewController.swift in Sources */,
				1C8014CA273061C000A0B374 /* CartItemModel.swift in Sources */,
				1C8014C12730604C00A0B374 /* UIApplicationExtension.swift in Sources */,
				1C8014BA2730600E00A0B374 /* LoadingViewController.swift in Sources */,
				1C801481272FE4FA00A0B374 /* BaseView.swift in Sources */,
			);
			runOnlyForDeploymentPostprocessing = 0;
		};
		1CD87A28273085D500DE3ED5 /* Sources */ = {
			isa = PBXSourcesBuildPhase;
			buildActionMask = 2147483647;
			files = (
				1CD87A2F273085D500DE3ED5 /* RetailAppTests.swift in Sources */,
				1CD87A3D273088B300DE3ED5 /* ProductListViewControllerTests.swift in Sources */,
				1CD87A4527308A5100DE3ED5 /* ProductListViewModelTests.swift in Sources */,
			);
			runOnlyForDeploymentPostprocessing = 0;
		};
/* End PBXSourcesBuildPhase section */

/* Begin PBXTargetDependency section */
		1CD87A32273085D500DE3ED5 /* PBXTargetDependency */ = {
			isa = PBXTargetDependency;
			target = 1C8013B3272F530700A0B374 /* RetailApp */;
			targetProxy = 1CD87A31273085D500DE3ED5 /* PBXContainerItemProxy */;
		};
/* End PBXTargetDependency section */

/* Begin PBXVariantGroup section */
		1C8013C2272F530800A0B374 /* LaunchScreen.storyboard */ = {
			isa = PBXVariantGroup;
			children = (
				1C8013C3272F530800A0B374 /* Base */,
			);
			name = LaunchScreen.storyboard;
			sourceTree = "<group>";
		};
/* End PBXVariantGroup section */

/* Begin XCBuildConfiguration section */
		1C8013C6272F530800A0B374 /* Debug */ = {
			isa = XCBuildConfiguration;
			buildSettings = {
				ALWAYS_SEARCH_USER_PATHS = NO;
				CLANG_ANALYZER_NONNULL = YES;
				CLANG_ANALYZER_NUMBER_OBJECT_CONVERSION = YES_AGGRESSIVE;
				CLANG_CXX_LANGUAGE_STANDARD = "gnu++14";
				CLANG_CXX_LIBRARY = "libc++";
				CLANG_ENABLE_MODULES = YES;
				CLANG_ENABLE_OBJC_ARC = YES;
				CLANG_ENABLE_OBJC_WEAK = YES;
				CLANG_WARN_BLOCK_CAPTURE_AUTORELEASING = YES;
				CLANG_WARN_BOOL_CONVERSION = YES;
				CLANG_WARN_COMMA = YES;
				CLANG_WARN_CONSTANT_CONVERSION = YES;
				CLANG_WARN_DEPRECATED_OBJC_IMPLEMENTATIONS = YES;
				CLANG_WARN_DIRECT_OBJC_ISA_USAGE = YES_ERROR;
				CLANG_WARN_DOCUMENTATION_COMMENTS = YES;
				CLANG_WARN_EMPTY_BODY = YES;
				CLANG_WARN_ENUM_CONVERSION = YES;
				CLANG_WARN_INFINITE_RECURSION = YES;
				CLANG_WARN_INT_CONVERSION = YES;
				CLANG_WARN_NON_LITERAL_NULL_CONVERSION = YES;
				CLANG_WARN_OBJC_IMPLICIT_RETAIN_SELF = YES;
				CLANG_WARN_OBJC_LITERAL_CONVERSION = YES;
				CLANG_WARN_OBJC_ROOT_CLASS = YES_ERROR;
				CLANG_WARN_QUOTED_INCLUDE_IN_FRAMEWORK_HEADER = YES;
				CLANG_WARN_RANGE_LOOP_ANALYSIS = YES;
				CLANG_WARN_STRICT_PROTOTYPES = YES;
				CLANG_WARN_SUSPICIOUS_MOVE = YES;
				CLANG_WARN_UNGUARDED_AVAILABILITY = YES_AGGRESSIVE;
				CLANG_WARN_UNREACHABLE_CODE = YES;
				CLANG_WARN__DUPLICATE_METHOD_MATCH = YES;
				COPY_PHASE_STRIP = NO;
				DEBUG_INFORMATION_FORMAT = dwarf;
				ENABLE_STRICT_OBJC_MSGSEND = YES;
				ENABLE_TESTABILITY = YES;
				GCC_C_LANGUAGE_STANDARD = gnu11;
				GCC_DYNAMIC_NO_PIC = NO;
				GCC_NO_COMMON_BLOCKS = YES;
				GCC_OPTIMIZATION_LEVEL = 0;
				GCC_PREPROCESSOR_DEFINITIONS = (
					"DEBUG=1",
					"$(inherited)",
				);
				GCC_WARN_64_TO_32_BIT_CONVERSION = YES;
				GCC_WARN_ABOUT_RETURN_TYPE = YES_ERROR;
				GCC_WARN_UNDECLARED_SELECTOR = YES;
				GCC_WARN_UNINITIALIZED_AUTOS = YES_AGGRESSIVE;
				GCC_WARN_UNUSED_FUNCTION = YES;
				GCC_WARN_UNUSED_VARIABLE = YES;
				IPHONEOS_DEPLOYMENT_TARGET = 14.4;
				MTL_ENABLE_DEBUG_INFO = INCLUDE_SOURCE;
				MTL_FAST_MATH = YES;
				ONLY_ACTIVE_ARCH = YES;
				SDKROOT = iphoneos;
				SWIFT_ACTIVE_COMPILATION_CONDITIONS = DEBUG;
				SWIFT_OPTIMIZATION_LEVEL = "-Onone";
			};
			name = Debug;
		};
		1C8013C7272F530800A0B374 /* Release */ = {
			isa = XCBuildConfiguration;
			buildSettings = {
				ALWAYS_SEARCH_USER_PATHS = NO;
				CLANG_ANALYZER_NONNULL = YES;
				CLANG_ANALYZER_NUMBER_OBJECT_CONVERSION = YES_AGGRESSIVE;
				CLANG_CXX_LANGUAGE_STANDARD = "gnu++14";
				CLANG_CXX_LIBRARY = "libc++";
				CLANG_ENABLE_MODULES = YES;
				CLANG_ENABLE_OBJC_ARC = YES;
				CLANG_ENABLE_OBJC_WEAK = YES;
				CLANG_WARN_BLOCK_CAPTURE_AUTORELEASING = YES;
				CLANG_WARN_BOOL_CONVERSION = YES;
				CLANG_WARN_COMMA = YES;
				CLANG_WARN_CONSTANT_CONVERSION = YES;
				CLANG_WARN_DEPRECATED_OBJC_IMPLEMENTATIONS = YES;
				CLANG_WARN_DIRECT_OBJC_ISA_USAGE = YES_ERROR;
				CLANG_WARN_DOCUMENTATION_COMMENTS = YES;
				CLANG_WARN_EMPTY_BODY = YES;
				CLANG_WARN_ENUM_CONVERSION = YES;
				CLANG_WARN_INFINITE_RECURSION = YES;
				CLANG_WARN_INT_CONVERSION = YES;
				CLANG_WARN_NON_LITERAL_NULL_CONVERSION = YES;
				CLANG_WARN_OBJC_IMPLICIT_RETAIN_SELF = YES;
				CLANG_WARN_OBJC_LITERAL_CONVERSION = YES;
				CLANG_WARN_OBJC_ROOT_CLASS = YES_ERROR;
				CLANG_WARN_QUOTED_INCLUDE_IN_FRAMEWORK_HEADER = YES;
				CLANG_WARN_RANGE_LOOP_ANALYSIS = YES;
				CLANG_WARN_STRICT_PROTOTYPES = YES;
				CLANG_WARN_SUSPICIOUS_MOVE = YES;
				CLANG_WARN_UNGUARDED_AVAILABILITY = YES_AGGRESSIVE;
				CLANG_WARN_UNREACHABLE_CODE = YES;
				CLANG_WARN__DUPLICATE_METHOD_MATCH = YES;
				COPY_PHASE_STRIP = NO;
				DEBUG_INFORMATION_FORMAT = "dwarf-with-dsym";
				ENABLE_NS_ASSERTIONS = NO;
				ENABLE_STRICT_OBJC_MSGSEND = YES;
				GCC_C_LANGUAGE_STANDARD = gnu11;
				GCC_NO_COMMON_BLOCKS = YES;
				GCC_WARN_64_TO_32_BIT_CONVERSION = YES;
				GCC_WARN_ABOUT_RETURN_TYPE = YES_ERROR;
				GCC_WARN_UNDECLARED_SELECTOR = YES;
				GCC_WARN_UNINITIALIZED_AUTOS = YES_AGGRESSIVE;
				GCC_WARN_UNUSED_FUNCTION = YES;
				GCC_WARN_UNUSED_VARIABLE = YES;
				IPHONEOS_DEPLOYMENT_TARGET = 14.4;
				MTL_ENABLE_DEBUG_INFO = NO;
				MTL_FAST_MATH = YES;
				SDKROOT = iphoneos;
				SWIFT_COMPILATION_MODE = wholemodule;
				SWIFT_OPTIMIZATION_LEVEL = "-O";
				VALIDATE_PRODUCT = YES;
			};
			name = Release;
		};
		1C8013C9272F530800A0B374 /* Debug */ = {
			isa = XCBuildConfiguration;
			buildSettings = {
				ASSETCATALOG_COMPILER_APPICON_NAME = AppIcon;
				ASSETCATALOG_COMPILER_GLOBAL_ACCENT_COLOR_NAME = AccentColor;
				CODE_SIGN_STYLE = Automatic;
				INFOPLIST_FILE = RetailApp/Resources/Info.plist;
				LD_RUNPATH_SEARCH_PATHS = (
					"$(inherited)",
					"@executable_path/Frameworks",
				);
				PRODUCT_BUNDLE_IDENTIFIER = com.ukocaman.RetailApp.RetailApp;
				PRODUCT_NAME = "$(TARGET_NAME)";
				SWIFT_VERSION = 5.0;
				TARGETED_DEVICE_FAMILY = 1;
			};
			name = Debug;
		};
		1C8013CA272F530800A0B374 /* Release */ = {
			isa = XCBuildConfiguration;
			buildSettings = {
				ASSETCATALOG_COMPILER_APPICON_NAME = AppIcon;
				ASSETCATALOG_COMPILER_GLOBAL_ACCENT_COLOR_NAME = AccentColor;
				CODE_SIGN_STYLE = Automatic;
				INFOPLIST_FILE = RetailApp/Resources/Info.plist;
				LD_RUNPATH_SEARCH_PATHS = (
					"$(inherited)",
					"@executable_path/Frameworks",
				);
				PRODUCT_BUNDLE_IDENTIFIER = com.ukocaman.RetailApp.RetailApp;
				PRODUCT_NAME = "$(TARGET_NAME)";
				SWIFT_VERSION = 5.0;
				TARGETED_DEVICE_FAMILY = 1;
			};
			name = Release;
		};
		1CD87A34273085D500DE3ED5 /* Debug */ = {
			isa = XCBuildConfiguration;
			buildSettings = {
				BUNDLE_LOADER = "$(TEST_HOST)";
				CODE_SIGN_STYLE = Automatic;
				INFOPLIST_FILE = RetailAppTests/Info.plist;
				LD_RUNPATH_SEARCH_PATHS = (
					"$(inherited)",
					"@executable_path/Frameworks",
					"@loader_path/Frameworks",
				);
				PRODUCT_BUNDLE_IDENTIFIER = com.ukocaman.RetailApp.RetailAppTests;
				PRODUCT_NAME = "$(TARGET_NAME)";
				SWIFT_VERSION = 5.0;
				TARGETED_DEVICE_FAMILY = "1,2";
				TEST_HOST = "$(BUILT_PRODUCTS_DIR)/RetailApp.app/RetailApp";
			};
			name = Debug;
		};
		1CD87A35273085D500DE3ED5 /* Release */ = {
			isa = XCBuildConfiguration;
			buildSettings = {
				BUNDLE_LOADER = "$(TEST_HOST)";
				CODE_SIGN_STYLE = Automatic;
				INFOPLIST_FILE = RetailAppTests/Info.plist;
				LD_RUNPATH_SEARCH_PATHS = (
					"$(inherited)",
					"@executable_path/Frameworks",
					"@loader_path/Frameworks",
				);
				PRODUCT_BUNDLE_IDENTIFIER = com.ukocaman.RetailApp.RetailAppTests;
				PRODUCT_NAME = "$(TARGET_NAME)";
				SWIFT_VERSION = 5.0;
				TARGETED_DEVICE_FAMILY = "1,2";
				TEST_HOST = "$(BUILT_PRODUCTS_DIR)/RetailApp.app/RetailApp";
			};
			name = Release;
		};
/* End XCBuildConfiguration section */

/* Begin XCConfigurationList section */
		1C8013AF272F530700A0B374 /* Build configuration list for PBXProject "RetailApp" */ = {
			isa = XCConfigurationList;
			buildConfigurations = (
				1C8013C6272F530800A0B374 /* Debug */,
				1C8013C7272F530800A0B374 /* Release */,
			);
			defaultConfigurationIsVisible = 0;
			defaultConfigurationName = Release;
		};
		1C8013C8272F530800A0B374 /* Build configuration list for PBXNativeTarget "RetailApp" */ = {
			isa = XCConfigurationList;
			buildConfigurations = (
				1C8013C9272F530800A0B374 /* Debug */,
				1C8013CA272F530800A0B374 /* Release */,
			);
			defaultConfigurationIsVisible = 0;
			defaultConfigurationName = Release;
		};
		1CD87A33273085D500DE3ED5 /* Build configuration list for PBXNativeTarget "RetailAppTests" */ = {
			isa = XCConfigurationList;
			buildConfigurations = (
				1CD87A34273085D500DE3ED5 /* Debug */,
				1CD87A35273085D500DE3ED5 /* Release */,
			);
			defaultConfigurationIsVisible = 0;
			defaultConfigurationName = Release;
		};
/* End XCConfigurationList section */
	};
	rootObject = 1C8013AC272F530700A0B374 /* Project object */;
}
