// !$*UTF8*$!
{
	archiveVersion = 1;
	classes = {
	};
	objectVersion = 50;
	objects = {

/* Begin PBXBuildFile section */
		1C801437272F586100A0B374 /* Data.h in Headers */ = {isa = PBXBuildFile; fileRef = 1C801435272F586100A0B374 /* Data.h */; settings = {ATTRIBUTES = (Public, ); }; };
		1C801447272F599800A0B374 /* ProductModel.swift in Sources */ = {isa = PBXBuildFile; fileRef = 1C801446272F599800A0B374 /* ProductModel.swift */; };
		1C80144C272F59E200A0B374 /* ProductListResponseModel.swift in Sources */ = {isa = PBXBuildFile; fileRef = 1C80144B272F59E200A0B374 /* ProductListResponseModel.swift */; };
		1C801454272F5A4D00A0B374 /* Core.framework in Frameworks */ = {isa = PBXBuildFile; fileRef = 1C801453272F5A4D00A0B374 /* Core.framework */; };
		1C801457272F5A7E00A0B374 /* ProductListRequest.swift in Sources */ = {isa = PBXBuildFile; fileRef = 1C801456272F5A7E00A0B374 /* ProductListRequest.swift */; };
		1C80145C272F5B0400A0B374 /* ProductServices.swift in Sources */ = {isa = PBXBuildFile; fileRef = 1C80145B272F5B0400A0B374 /* ProductServices.swift */; };
		1C801461272F5C0F00A0B374 /* EmptyRequestModel.swift in Sources */ = {isa = PBXBuildFile; fileRef = 1C801460272F5C0F00A0B374 /* EmptyRequestModel.swift */; };
		1C801465272F78B800A0B374 /* OrderRequestModel.swift in Sources */ = {isa = PBXBuildFile; fileRef = 1C801464272F78B800A0B374 /* OrderRequestModel.swift */; };
		1C801468272F792800A0B374 /* OrderRequest.swift in Sources */ = {isa = PBXBuildFile; fileRef = 1C801467272F792800A0B374 /* OrderRequest.swift */; };
		1C80146C272F795300A0B374 /* CartServices.swift in Sources */ = {isa = PBXBuildFile; fileRef = 1C80146B272F795300A0B374 /* CartServices.swift */; };
		1C801473272FE24300A0B374 /* OrderResponseModel.swift in Sources */ = {isa = PBXBuildFile; fileRef = 1C801472272FE24300A0B374 /* OrderResponseModel.swift */; };
		1C801477272FE29000A0B374 /* OrderModel.swift in Sources */ = {isa = PBXBuildFile; fileRef = 1C801476272FE29000A0B374 /* OrderModel.swift */; };
/* End PBXBuildFile section */

/* Begin PBXFileReference section */
		1C801432272F586100A0B374 /* Data.framework */ = {isa = PBXFileReference; explicitFileType = wrapper.framework; includeInIndex = 0; path = Data.framework; sourceTree = BUILT_PRODUCTS_DIR; };
		1C801435272F586100A0B374 /* Data.h */ = {isa = PBXFileReference; lastKnownFileType = sourcecode.c.h; path = Data.h; sourceTree = "<group>"; };
		1C801436272F586100A0B374 /* Info.plist */ = {isa = PBXFileReference; lastKnownFileType = text.plist.xml; path = Info.plist; sourceTree = "<group>"; };
		1C801446272F599800A0B374 /* ProductModel.swift */ = {isa = PBXFileReference; lastKnownFileType = sourcecode.swift; path = ProductModel.swift; sourceTree = "<group>"; };
		1C80144B272F59E200A0B374 /* ProductListResponseModel.swift */ = {isa = PBXFileReference; lastKnownFileType = sourcecode.swift; path = ProductListResponseModel.swift; sourceTree = "<group>"; };
		1C801451272F5A3D00A0B374 /* Core.framework */ = {isa = PBXFileReference; explicitFileType = wrapper.framework; path = Core.framework; sourceTree = BUILT_PRODUCTS_DIR; };
		1C801453272F5A4D00A0B374 /* Core.framework */ = {isa = PBXFileReference; explicitFileType = wrapper.framework; path = Core.framework; sourceTree = BUILT_PRODUCTS_DIR; };
		1C801456272F5A7E00A0B374 /* ProductListRequest.swift */ = {isa = PBXFileReference; lastKnownFileType = sourcecode.swift; path = ProductListRequest.swift; sourceTree = "<group>"; };
		1C80145B272F5B0400A0B374 /* ProductServices.swift */ = {isa = PBXFileReference; lastKnownFileType = sourcecode.swift; path = ProductServices.swift; sourceTree = "<group>"; };
		1C801460272F5C0F00A0B374 /* EmptyRequestModel.swift */ = {isa = PBXFileReference; lastKnownFileType = sourcecode.swift; path = EmptyRequestModel.swift; sourceTree = "<group>"; };
		1C801464272F78B800A0B374 /* OrderRequestModel.swift */ = {isa = PBXFileReference; lastKnownFileType = sourcecode.swift; path = OrderRequestModel.swift; sourceTree = "<group>"; };
		1C801467272F792800A0B374 /* OrderRequest.swift */ = {isa = PBXFileReference; lastKnownFileType = sourcecode.swift; path = OrderRequest.swift; sourceTree = "<group>"; };
		1C80146B272F795300A0B374 /* CartServices.swift */ = {isa = PBXFileReference; lastKnownFileType = sourcecode.swift; path = CartServices.swift; sourceTree = "<group>"; };
		1C801472272FE24300A0B374 /* OrderResponseModel.swift */ = {isa = PBXFileReference; lastKnownFileType = sourcecode.swift; path = OrderResponseModel.swift; sourceTree = "<group>"; };
		1C801476272FE29000A0B374 /* OrderModel.swift */ = {isa = PBXFileReference; lastKnownFileType = sourcecode.swift; path = OrderModel.swift; sourceTree = "<group>"; };
/* End PBXFileReference section */

/* Begin PBXFrameworksBuildPhase section */
		1C80142F272F586100A0B374 /* Frameworks */ = {
			isa = PBXFrameworksBuildPhase;
			buildActionMask = 2147483647;
			files = (
				1C801454272F5A4D00A0B374 /* Core.framework in Frameworks */,
			);
			runOnlyForDeploymentPostprocessing = 0;
		};
/* End PBXFrameworksBuildPhase section */

/* Begin PBXGroup section */
		1C801428272F586100A0B374 = {
			isa = PBXGroup;
			children = (
				1C801434272F586100A0B374 /* Data */,
				1C801433272F586100A0B374 /* Products */,
				1C801450272F5A3D00A0B374 /* Frameworks */,
			);
			sourceTree = "<group>";
		};
		1C801433272F586100A0B374 /* Products */ = {
			isa = PBXGroup;
			children = (
				1C801432272F586100A0B374 /* Data.framework */,
			);
			name = Products;
			sourceTree = "<group>";
		};
		1C801434272F586100A0B374 /* Data */ = {
			isa = PBXGroup;
			children = (
				1C801459272F5AE900A0B374 /* Services */,
				1C80144F272F5A0B00A0B374 /* Requests */,
				1C80144A272F59CD00A0B374 /* ResponseModels */,
				1C801445272F598B00A0B374 /* Models */,
				1C801440272F58F800A0B374 /* RequestModels */,
				1C801435272F586100A0B374 /* Data.h */,
				1C801436272F586100A0B374 /* Info.plist */,
			);
			path = Data;
			sourceTree = "<group>";
		};
		1C801440272F58F800A0B374 /* RequestModels */ = {
			isa = PBXGroup;
			children = (
				1C801460272F5C0F00A0B374 /* EmptyRequestModel.swift */,
				1C801464272F78B800A0B374 /* OrderRequestModel.swift */,
			);
			path = RequestModels;
			sourceTree = "<group>";
		};
		1C801445272F598B00A0B374 /* Models */ = {
			isa = PBXGroup;
			children = (
				1C801446272F599800A0B374 /* ProductModel.swift */,
				1C801476272FE29000A0B374 /* OrderModel.swift */,
			);
			path = Models;
			sourceTree = "<group>";
		};
		1C80144A272F59CD00A0B374 /* ResponseModels */ = {
			isa = PBXGroup;
			children = (
				1C80144B272F59E200A0B374 /* ProductListResponseModel.swift */,
				1C801472272FE24300A0B374 /* OrderResponseModel.swift */,
			);
			path = ResponseModels;
			sourceTree = "<group>";
		};
		1C80144F272F5A0B00A0B374 /* Requests */ = {
			isa = PBXGroup;
			children = (
				1C801456272F5A7E00A0B374 /* ProductListRequest.swift */,
				1C801467272F792800A0B374 /* OrderRequest.swift */,
			);
			path = Requests;
			sourceTree = "<group>";
		};
		1C801450272F5A3D00A0B374 /* Frameworks */ = {
			isa = PBXGroup;
			children = (
				1C801453272F5A4D00A0B374 /* Core.framework */,
				1C801451272F5A3D00A0B374 /* Core.framework */,
			);
			name = Frameworks;
			sourceTree = "<group>";
		};
		1C801459272F5AE900A0B374 /* Services */ = {
			isa = PBXGroup;
			children = (
				1C80146A272F794800A0B374 /* Cart */,
				1C80145A272F5AF500A0B374 /* Product */,
			);
			path = Services;
			sourceTree = "<group>";
		};
		1C80145A272F5AF500A0B374 /* Product */ = {
			isa = PBXGroup;
			children = (
				1C80145B272F5B0400A0B374 /* ProductServices.swift */,
			);
			path = Product;
			sourceTree = "<group>";
		};
		1C80146A272F794800A0B374 /* Cart */ = {
			isa = PBXGroup;
			children = (
				1C80146B272F795300A0B374 /* CartServices.swift */,
			);
			path = Cart;
			sourceTree = "<group>";
		};
/* End PBXGroup section */

/* Begin PBXHeadersBuildPhase section */
		1C80142D272F586100A0B374 /* Headers */ = {
			isa = PBXHeadersBuildPhase;
			buildActionMask = 2147483647;
			files = (
				1C801437272F586100A0B374 /* Data.h in Headers */,
			);
			runOnlyForDeploymentPostprocessing = 0;
		};
/* End PBXHeadersBuildPhase section */

/* Begin PBXNativeTarget section */
		1C801431272F586100A0B374 /* Data */ = {
			isa = PBXNativeTarget;
			buildConfigurationList = 1C80143A272F586100A0B374 /* Build configuration list for PBXNativeTarget "Data" */;
			buildPhases = (
				1C80142D272F586100A0B374 /* Headers */,
				1C80142E272F586100A0B374 /* Sources */,
				1C80142F272F586100A0B374 /* Frameworks */,
				1C801430272F586100A0B374 /* Resources */,
			);
			buildRules = (
			);
			dependencies = (
			);
			name = Data;
			productName = Data;
			productReference = 1C801432272F586100A0B374 /* Data.framework */;
			productType = "com.apple.product-type.framework";
		};
/* End PBXNativeTarget section */

/* Begin PBXProject section */
		1C801429272F586100A0B374 /* Project object */ = {
			isa = PBXProject;
			attributes = {
				LastUpgradeCheck = 1240;
				TargetAttributes = {
					1C801431272F586100A0B374 = {
						CreatedOnToolsVersion = 12.4;
						LastSwiftMigration = 1240;
					};
				};
			};
			buildConfigurationList = 1C80142C272F586100A0B374 /* Build configuration list for PBXProject "Data" */;
			compatibilityVersion = "Xcode 9.3";
			developmentRegion = en;
			hasScannedForEncodings = 0;
			knownRegions = (
				en,
				Base,
			);
			mainGroup = 1C801428272F586100A0B374;
			productRefGroup = 1C801433272F586100A0B374 /* Products */;
			projectDirPath = "";
			projectRoot = "";
			targets = (
				1C801431272F586100A0B374 /* Data */,
			);
		};
/* End PBXProject section */

/* Begin PBXResourcesBuildPhase section */
		1C801430272F586100A0B374 /* Resources */ = {
			isa = PBXResourcesBuildPhase;
			buildActionMask = 2147483647;
			files = (
			);
			runOnlyForDeploymentPostprocessing = 0;
		};
/* End PBXResourcesBuildPhase section */

/* Begin PBXSourcesBuildPhase section */
		1C80142E272F586100A0B374 /* Sources */ = {
			isa = PBXSourcesBuildPhase;
			buildActionMask = 2147483647;
			files = (
				1C801468272F792800A0B374 /* OrderRequest.swift in Sources */,
				1C80144C272F59E200A0B374 /* ProductListResponseModel.swift in Sources */,
				1C801477272FE29000A0B374 /* OrderModel.swift in Sources */,
				1C80145C272F5B0400A0B374 /* ProductServices.swift in Sources */,
				1C80146C272F795300A0B374 /* CartServices.swift in Sources */,
				1C801465272F78B800A0B374 /* OrderRequestModel.swift in Sources */,
				1C801457272F5A7E00A0B374 /* ProductListRequest.swift in Sources */,
				1C801473272FE24300A0B374 /* OrderResponseModel.swift in Sources */,
				1C801447272F599800A0B374 /* ProductModel.swift in Sources */,
				1C801461272F5C0F00A0B374 /* EmptyRequestModel.swift in Sources */,
			);
			runOnlyForDeploymentPostprocessing = 0;
		};
/* End PBXSourcesBuildPhase section */

/* Begin XCBuildConfiguration section */
		1C801438272F586100A0B374 /* Debug */ = {
			isa = XCBuildConfiguration;
			buildSettings = {
				ALWAYS_SEARCH_USER_PATHS = NO;
				CLANG_ANALYZER_NONNULL = YES;
				CLANG_ANALYZER_NUMBER_OBJECT_CONVERSION = YES_AGGRESSIVE;
				CLANG_CXX_LANGUAGE_STANDARD = "gnu++14";
				CLANG_CXX_LIBRARY = "libc++";
				CLANG_ENABLE_MODULES = YES;
				CLANG_ENABLE_OBJC_ARC = YES;
				CLANG_ENABLE_OBJC_WEAK = YES;
				CLANG_WARN_BLOCK_CAPTURE_AUTORELEASING = YES;
				CLANG_WARN_BOOL_CONVERSION = YES;
				CLANG_WARN_COMMA = YES;
				CLANG_WARN_CONSTANT_CONVERSION = YES;
				CLANG_WARN_DEPRECATED_OBJC_IMPLEMENTATIONS = YES;
				CLANG_WARN_DIRECT_OBJC_ISA_USAGE = YES_ERROR;
				CLANG_WARN_DOCUMENTATION_COMMENTS = YES;
				CLANG_WARN_EMPTY_BODY = YES;
				CLANG_WARN_ENUM_CONVERSION = YES;
				CLANG_WARN_INFINITE_RECURSION = YES;
				CLANG_WARN_INT_CONVERSION = YES;
				CLANG_WARN_NON_LITERAL_NULL_CONVERSION = YES;
				CLANG_WARN_OBJC_IMPLICIT_RETAIN_SELF = YES;
				CLANG_WARN_OBJC_LITERAL_CONVERSION = YES;
				CLANG_WARN_OBJC_ROOT_CLASS = YES_ERROR;
				CLANG_WARN_QUOTED_INCLUDE_IN_FRAMEWORK_HEADER = YES;
				CLANG_WARN_RANGE_LOOP_ANALYSIS = YES;
				CLANG_WARN_STRICT_PROTOTYPES = YES;
				CLANG_WARN_SUSPICIOUS_MOVE = YES;
				CLANG_WARN_UNGUARDED_AVAILABILITY = YES_AGGRESSIVE;
				CLANG_WARN_UNREACHABLE_CODE = YES;
				CLANG_WARN__DUPLICATE_METHOD_MATCH = YES;
				COPY_PHASE_STRIP = NO;
				CURRENT_PROJECT_VERSION = 1;
				DEBUG_INFORMATION_FORMAT = dwarf;
				ENABLE_STRICT_OBJC_MSGSEND = YES;
				ENABLE_TESTABILITY = YES;
				GCC_C_LANGUAGE_STANDARD = gnu11;
				GCC_DYNAMIC_NO_PIC = NO;
				GCC_NO_COMMON_BLOCKS = YES;
				GCC_OPTIMIZATION_LEVEL = 0;
				GCC_PREPROCESSOR_DEFINITIONS = (
					"DEBUG=1",
					"$(inherited)",
				);
				GCC_WARN_64_TO_32_BIT_CONVERSION = YES;
				GCC_WARN_ABOUT_RETURN_TYPE = YES_ERROR;
				GCC_WARN_UNDECLARED_SELECTOR = YES;
				GCC_WARN_UNINITIALIZED_AUTOS = YES_AGGRESSIVE;
				GCC_WARN_UNUSED_FUNCTION = YES;
				GCC_WARN_UNUSED_VARIABLE = YES;
				IPHONEOS_DEPLOYMENT_TARGET = 14.4;
				MTL_ENABLE_DEBUG_INFO = INCLUDE_SOURCE;
				MTL_FAST_MATH = YES;
				ONLY_ACTIVE_ARCH = YES;
				SDKROOT = iphoneos;
				SWIFT_ACTIVE_COMPILATION_CONDITIONS = DEBUG;
				SWIFT_OPTIMIZATION_LEVEL = "-Onone";
				VERSIONING_SYSTEM = "apple-generic";
				VERSION_INFO_PREFIX = "";
			};
			name = Debug;
		};
		1C801439272F586100A0B374 /* Release */ = {
			isa = XCBuildConfiguration;
			buildSettings = {
				ALWAYS_SEARCH_USER_PATHS = NO;
				CLANG_ANALYZER_NONNULL = YES;
				CLANG_ANALYZER_NUMBER_OBJECT_CONVERSION = YES_AGGRESSIVE;
				CLANG_CXX_LANGUAGE_STANDARD = "gnu++14";
				CLANG_CXX_LIBRARY = "libc++";
				CLANG_ENABLE_MODULES = YES;
				CLANG_ENABLE_OBJC_ARC = YES;
				CLANG_ENABLE_OBJC_WEAK = YES;
				CLANG_WARN_BLOCK_CAPTURE_AUTORELEASING = YES;
				CLANG_WARN_BOOL_CONVERSION = YES;
				CLANG_WARN_COMMA = YES;
				CLANG_WARN_CONSTANT_CONVERSION = YES;
				CLANG_WARN_DEPRECATED_OBJC_IMPLEMENTATIONS = YES;
				CLANG_WARN_DIRECT_OBJC_ISA_USAGE = YES_ERROR;
				CLANG_WARN_DOCUMENTATION_COMMENTS = YES;
				CLANG_WARN_EMPTY_BODY = YES;
				CLANG_WARN_ENUM_CONVERSION = YES;
				CLANG_WARN_INFINITE_RECURSION = YES;
				CLANG_WARN_INT_CONVERSION = YES;
				CLANG_WARN_NON_LITERAL_NULL_CONVERSION = YES;
				CLANG_WARN_OBJC_IMPLICIT_RETAIN_SELF = YES;
				CLANG_WARN_OBJC_LITERAL_CONVERSION = YES;
				CLANG_WARN_OBJC_ROOT_CLASS = YES_ERROR;
				CLANG_WARN_QUOTED_INCLUDE_IN_FRAMEWORK_HEADER = YES;
				CLANG_WARN_RANGE_LOOP_ANALYSIS = YES;
				CLANG_WARN_STRICT_PROTOTYPES = YES;
				CLANG_WARN_SUSPICIOUS_MOVE = YES;
				CLANG_WARN_UNGUARDED_AVAILABILITY = YES_AGGRESSIVE;
				CLANG_WARN_UNREACHABLE_CODE = YES;
				CLANG_WARN__DUPLICATE_METHOD_MATCH = YES;
				COPY_PHASE_STRIP = NO;
				CURRENT_PROJECT_VERSION = 1;
				DEBUG_INFORMATION_FORMAT = "dwarf-with-dsym";
				ENABLE_NS_ASSERTIONS = NO;
				ENABLE_STRICT_OBJC_MSGSEND = YES;
				GCC_C_LANGUAGE_STANDARD = gnu11;
				GCC_NO_COMMON_BLOCKS = YES;
				GCC_WARN_64_TO_32_BIT_CONVERSION = YES;
				GCC_WARN_ABOUT_RETURN_TYPE = YES_ERROR;
				GCC_WARN_UNDECLARED_SELECTOR = YES;
				GCC_WARN_UNINITIALIZED_AUTOS = YES_AGGRESSIVE;
				GCC_WARN_UNUSED_FUNCTION = YES;
				GCC_WARN_UNUSED_VARIABLE = YES;
				IPHONEOS_DEPLOYMENT_TARGET = 14.4;
				MTL_ENABLE_DEBUG_INFO = NO;
				MTL_FAST_MATH = YES;
				SDKROOT = iphoneos;
				SWIFT_COMPILATION_MODE = wholemodule;
				SWIFT_OPTIMIZATION_LEVEL = "-O";
				VALIDATE_PRODUCT = YES;
				VERSIONING_SYSTEM = "apple-generic";
				VERSION_INFO_PREFIX = "";
			};
			name = Release;
		};
		1C80143B272F586100A0B374 /* Debug */ = {
			isa = XCBuildConfiguration;
			buildSettings = {
				CLANG_ENABLE_MODULES = YES;
				CODE_SIGN_STYLE = Automatic;
				DEFINES_MODULE = YES;
				DYLIB_COMPATIBILITY_VERSION = 1;
				DYLIB_CURRENT_VERSION = 1;
				DYLIB_INSTALL_NAME_BASE = "@rpath";
				INFOPLIST_FILE = Data/Info.plist;
				INSTALL_PATH = "$(LOCAL_LIBRARY_DIR)/Frameworks";
				LD_RUNPATH_SEARCH_PATHS = (
					"$(inherited)",
					"@executable_path/Frameworks",
					"@loader_path/Frameworks",
				);
				PRODUCT_BUNDLE_IDENTIFIER = com.ukocaman.RetailApp.Data;
				PRODUCT_NAME = "$(TARGET_NAME:c99extidentifier)";
				SKIP_INSTALL = YES;
				SWIFT_OPTIMIZATION_LEVEL = "-Onone";
				SWIFT_VERSION = 5.0;
				TARGETED_DEVICE_FAMILY = "1,2";
			};
			name = Debug;
		};
		1C80143C272F586100A0B374 /* Release */ = {
			isa = XCBuildConfiguration;
			buildSettings = {
				CLANG_ENABLE_MODULES = YES;
				CODE_SIGN_STYLE = Automatic;
				DEFINES_MODULE = YES;
				DYLIB_COMPATIBILITY_VERSION = 1;
				DYLIB_CURRENT_VERSION = 1;
				DYLIB_INSTALL_NAME_BASE = "@rpath";
				INFOPLIST_FILE = Data/Info.plist;
				INSTALL_PATH = "$(LOCAL_LIBRARY_DIR)/Frameworks";
				LD_RUNPATH_SEARCH_PATHS = (
					"$(inherited)",
					"@executable_path/Frameworks",
					"@loader_path/Frameworks",
				);
				PRODUCT_BUNDLE_IDENTIFIER = com.ukocaman.RetailApp.Data;
				PRODUCT_NAME = "$(TARGET_NAME:c99extidentifier)";
				SKIP_INSTALL = YES;
				SWIFT_VERSION = 5.0;
				TARGETED_DEVICE_FAMILY = "1,2";
			};
			name = Release;
		};
/* End XCBuildConfiguration section */

/* Begin XCConfigurationList section */
		1C80142C272F586100A0B374 /* Build configuration list for PBXProject "Data" */ = {
			isa = XCConfigurationList;
			buildConfigurations = (
				1C801438272F586100A0B374 /* Debug */,
				1C801439272F586100A0B374 /* Release */,
			);
			defaultConfigurationIsVisible = 0;
			defaultConfigurationName = Release;
		};
		1C80143A272F586100A0B374 /* Build configuration list for PBXNativeTarget "Data" */ = {
			isa = XCConfigurationList;
			buildConfigurations = (
				1C80143B272F586100A0B374 /* Debug */,
				1C80143C272F586100A0B374 /* Release */,
			);
			defaultConfigurationIsVisible = 0;
			defaultConfigurationName = Release;
		};
/* End XCConfigurationList section */
	};
	rootObject = 1C801429272F586100A0B374 /* Project object */;
}
